hash: 4be6ac0f040ef75188cf3e7cf4f04b7710a4d97b04f39c65964c6e110f5a6547
updated: 2017-06-15T19:08:04.050307504-04:00
imports:
- name: github.com/alecthomas/log4go
  version: a12b719ea59c972ba95c64691b43079e2f769314
  repo: https://github.com/mattermost/log4go.git
- name: github.com/beorn7/perks
  version: a12b719ea59c972ba95c64691b43079e2f769314
  subpackages:
  - quantile
- name: github.com/cpanato/html2text
  version: a12b719ea59c972ba95c64691b43079e2f769314
- name: github.com/dgryski/dgoogauth
  version: a12b719ea59c972ba95c64691b43079e2f769314
- name: github.com/disintegration/imaging
  version: ""
- name: github.com/dyatlov/go-opengraph
  version: a12b719ea59c972ba95c64691b43079e2f769314
  subpackages:
  - opengraph
- name: github.com/fsnotify/fsnotify
  version: ""
- name: github.com/go-gorp/gorp
  version: ""
- name: github.com/go-ldap/ldap
  version: ""
- name: github.com/go-sql-driver/mysql
  version: ""
- name: github.com/golang/freetype
  version: a12b719ea59c972ba95c64691b43079e2f769314
  subpackages:
  - raster
  - truetype
- name: github.com/golang/protobuf
  version: a12b719ea59c972ba95c64691b43079e2f769314
  subpackages:
  - proto
- name: github.com/gorilla/context
  version: a12b719ea59c972ba95c64691b43079e2f769314
- name: github.com/gorilla/handlers
  version: ""
- name: github.com/gorilla/mux
  version: 392c28fe23e1c45ddba891b0320b3b5df220beea
- name: github.com/gorilla/websocket
  version: ""
- name: github.com/hashicorp/golang-lru
  version: a12b719ea59c972ba95c64691b43079e2f769314
  subpackages:
  - simplelru
- name: github.com/hashicorp/hcl
  version: a12b719ea59c972ba95c64691b43079e2f769314
  subpackages:
  - hcl/ast
  - hcl/parser
  - hcl/token
  - json/parser
  - hcl/scanner
  - hcl/strconv
  - json/scanner
  - json/token
- name: github.com/inconshreveable/mousetrap
  version: a12b719ea59c972ba95c64691b43079e2f769314
- name: github.com/jehiah/go-strftime
  version: ""
- name: github.com/lib/pq
  version: a12b719ea59c972ba95c64691b43079e2f769314
  subpackages:
  - oid
- name: github.com/magiconair/properties
  version: a12b719ea59c972ba95c64691b43079e2f769314
- name: github.com/mattermost/rsc
  version: a12b719ea59c972ba95c64691b43079e2f769314
  subpackages:
  - qr
  - qr/coding
  - gf256
- name: github.com/matttproud/golang_protobuf_extensions
  version: ""
  subpackages:
  - pbutil
- name: github.com/miekg/dns
  version: a12b719ea59c972ba95c64691b43079e2f769314
- name: github.com/minio/minio-go
  version: ""
  subpackages:
  - pkg/policy
  - pkg/s3signer
  - pkg/s3utils
  - pkg/set
- name: github.com/mitchellh/mapstructure
  version: a12b719ea59c972ba95c64691b43079e2f769314
- name: github.com/mssola/user_agent
  version: ""
- name: github.com/nicksnyder/go-i18n
  version: ""
  subpackages:
  - i18n
  - i18n/bundle
  - i18n/language
  - i18n/translation
- name: github.com/NYTimes/gziphandler
  version: a12b719ea59c972ba95c64691b43079e2f769314
- name: github.com/pborman/uuid
  version: ""
- name: github.com/pelletier/go-buffruneio
  version: a12b719ea59c972ba95c64691b43079e2f769314
- name: github.com/pelletier/go-toml
  version: a12b719ea59c972ba95c64691b43079e2f769314
- name: github.com/prometheus/client_golang
  version: ""
  subpackages:
  - prometheus
- name: github.com/prometheus/client_model
  version: a12b719ea59c972ba95c64691b43079e2f769314
  subpackages:
  - go
- name: github.com/prometheus/common
  version: a12b719ea59c972ba95c64691b43079e2f769314
  subpackages:
  - expfmt
- name: github.com/prometheus/procfs
  version: a12b719ea59c972ba95c64691b43079e2f769314
- name: github.com/rsc/letsencrypt
  version: a12b719ea59c972ba95c64691b43079e2f769314
- name: github.com/rwcarlsen/goexif
  version: a12b719ea59c972ba95c64691b43079e2f769314
  subpackages:
  - exif
  - tiff
- name: github.com/segmentio/analytics-go
  version: ""
- name: github.com/segmentio/backo-go
  version: a12b719ea59c972ba95c64691b43079e2f769314
- name: github.com/spf13/afero
  version: a12b719ea59c972ba95c64691b43079e2f769314
  subpackages:
  - mem
- name: github.com/spf13/cast
  version: a12b719ea59c972ba95c64691b43079e2f769314
- name: github.com/spf13/cobra
  version: a12b719ea59c972ba95c64691b43079e2f769314
- name: github.com/spf13/jwalterweatherman
  version: a12b719ea59c972ba95c64691b43079e2f769314
- name: github.com/spf13/pflag
  version: a12b719ea59c972ba95c64691b43079e2f769314
- name: github.com/spf13/viper
  version: a12b719ea59c972ba95c64691b43079e2f769314
- name: github.com/tylerb/graceful
  version: ""
- name: github.com/xenolf/lego
  version: a12b719ea59c972ba95c64691b43079e2f769314
  subpackages:
  - acme
- name: github.com/xtgo/uuid
  version: ""
- name: golang.org/x/crypto
  version: a12b719ea59c972ba95c64691b43079e2f769314
  subpackages:
  - bcrypt
  - blowfish
  - ocsp
- name: golang.org/x/image
  version: a12b719ea59c972ba95c64691b43079e2f769314
  subpackages:
  - bmp
  - tiff
  - font
  - math/fixed
  - tiff/lzw
- name: golang.org/x/net
  version: a12b719ea59c972ba95c64691b43079e2f769314
  subpackages:
  - html
  - html/atom
  - context
  - publicsuffix
- name: golang.org/x/sys
  version: a12b719ea59c972ba95c64691b43079e2f769314
  subpackages:
  - unix
- name: golang.org/x/text
  version: a12b719ea59c972ba95c64691b43079e2f769314
  subpackages:
  - transform
  - unicode/norm
- name: golang.org/x/time
  version: a12b719ea59c972ba95c64691b43079e2f769314
  subpackages:
  - rate
- name: gopkg.in/asn1-ber.v1
  version: a12b719ea59c972ba95c64691b43079e2f769314
- name: gopkg.in/square/go-jose.v1
  version: a12b719ea59c972ba95c64691b43079e2f769314
  subpackages:
  - cipher
  - json
- name: gopkg.in/throttled/throttled.v2
  version: ""
  subpackages:
  - store/memstore
- name: gopkg.in/yaml.v2
  version: a12b719ea59c972ba95c64691b43079e2f769314
testImports: []
